
Microsoft Visual Studio Solution File, Format Version 12.00
# Visual Studio 14
VisualStudioVersion = 14.0.23107.0
MinimumVisualStudioVersion = 10.0.40219.1
Project("{FAE04EC0-301F-11D3-BF4B-00C04F79EFBC}") = "IScissors", "IScissors\IScissors.csproj", "{F7EA3E9B-6725-4A8C-ABD6-A62B7400F944}"
EndProject
Project("{FAE04EC0-301F-11D3-BF4B-00C04F79EFBC}") = "ScissorsGui", "ScissorsGui\ScissorsGui.csproj", "{7AEBACDF-AA6A-45F4-BAC8-3E1147CED0FE}"
EndProject
Global
	GlobalSection(SolutionConfigurationPlatforms) = preSolution
		Debug|Any CPU = Debug|Any CPU
		Debug|x86 = Debug|x86
		Release|Any CPU = Release|Any CPU
		Release|x86 = Release|x86
	EndGlobalSection
	GlobalSection(ProjectConfigurationPlatforms) = postSolution
		{F7EA3E9B-6725-4A8C-ABD6-A62B7400F944}.Debug|Any CPU.ActiveCfg = Debug|x86
		{F7EA3E9B-6725-4A8C-ABD6-A62B7400F944}.Debug|Any CPU.Build.0 = Debug|x86
		{F7EA3E9B-6725-4A8C-ABD6-A62B7400F944}.Debug|x86.ActiveCfg = Debug|x86
		{F7EA3E9B-6725-4A8C-ABD6-A62B7400F944}.Debug|x86.Build.0 = Debug|x86
		{F7EA3E9B-6725-4A8C-ABD6-A62B7400F944}.Release|Any CPU.ActiveCfg = Release|x86
		{F7EA3E9B-6725-4A8C-ABD6-A62B7400F944}.Release|x86.ActiveCfg = Release|x86
		{F7EA3E9B-6725-4A8C-ABD6-A62B7400F944}.Release|x86.Build.0 = Release|x86
		{7AEBACDF-AA6A-45F4-BAC8-3E1147CED0FE}.Debug|Any CPU.ActiveCfg = Debug|Any CPU
		{7AEBACDF-AA6A-45F4-BAC8-3E1147CED0FE}.Debug|Any CPU.Build.0 = Debug|Any CPU
		{7AEBACDF-AA6A-45F4-BAC8-3E1147CED0FE}.Debug|x86.ActiveCfg = Debug|Any CPU
		{7AEBACDF-AA6A-45F4-BAC8-3E1147CED0FE}.Debug|x86.Build.0 = Debug|Any CPU
		{7AEBACDF-AA6A-45F4-BAC8-3E1147CED0FE}.Release|Any CPU.ActiveCfg = Release|Any CPU
		{7AEBACDF-AA6A-45F4-BAC8-3E1147CED0FE}.Release|Any CPU.Build.0 = Release|Any CPU
		{7AEBACDF-AA6A-45F4-BAC8-3E1147CED0FE}.Release|x86.ActiveCfg = Release|Any CPU
		{7AEBACDF-AA6A-45F4-BAC8-3E1147CED0FE}.Release|x86.Build.0 = Release|Any CPU
	EndGlobalSection
	GlobalSection(SolutionProperties) = preSolution
		HideSolutionNode = FALSE
	EndGlobalSection
EndGlobal
